// !$*UTF8*$!
{
	archiveVersion = 1;
	classes = {
	};
	objectVersion = 46;
	objects = {

/* Begin PBXBuildFile section */
		18461CF6209C146C008FF3CE /* TopK.cpp in Sources */ = {isa = PBXBuildFile; fileRef = 18461CF4209C146C008FF3CE /* TopK.cpp */; };
		184F58D81F43E38500ADC12A /* main.cpp in Sources */ = {isa = PBXBuildFile; fileRef = 184F58D71F43E38500ADC12A /* main.cpp */; };
		18715FDB1FCCFF9F008D69BC /* heap.cpp in Sources */ = {isa = PBXBuildFile; fileRef = 18715FD91FCCFF9F008D69BC /* heap.cpp */; };
		18941B4B1FC8138700E7F3F5 /* TFSort.cpp in Sources */ = {isa = PBXBuildFile; fileRef = 18941B4A1FC8138700E7F3F5 /* TFSort.cpp */; };
/* End PBXBuildFile section */

/* Begin PBXCopyFilesBuildPhase section */
		184F58D21F43E38500ADC12A /* CopyFiles */ = {
			isa = PBXCopyFilesBuildPhase;
			buildActionMask = 2147483647;
			dstPath = /usr/share/man/man1/;
			dstSubfolderSpec = 0;
			files = (
			);
			runOnlyForDeploymentPostprocessing = 1;
		};
/* End PBXCopyFilesBuildPhase section */

/* Begin PBXFileReference section */
		18226FD2209ABD71001C461E /* page1.hpp */ = {isa = PBXFileReference; lastKnownFileType = sourcecode.cpp.h; path = page1.hpp; sourceTree = "<group>"; };
		18461CF4209C146C008FF3CE /* TopK.cpp */ = {isa = PBXFileReference; fileEncoding = 4; lastKnownFileType = sourcecode.cpp.cpp; path = TopK.cpp; sourceTree = "<group>"; };
		18461CF5209C146C008FF3CE /* TopK.hpp */ = {isa = PBXFileReference; fileEncoding = 4; lastKnownFileType = sourcecode.cpp.h; path = TopK.hpp; sourceTree = "<group>"; };
		184F58D41F43E38500ADC12A /* algorithm */ = {isa = PBXFileReference; explicitFileType = "compiled.mach-o.executable"; includeInIndex = 0; path = algorithm; sourceTree = BUILT_PRODUCTS_DIR; };
		184F58D71F43E38500ADC12A /* main.cpp */ = {isa = PBXFileReference; lastKnownFileType = sourcecode.cpp.cpp; path = main.cpp; sourceTree = "<group>"; };
		18715FD91FCCFF9F008D69BC /* heap.cpp */ = {isa = PBXFileReference; fileEncoding = 4; lastKnownFileType = sourcecode.cpp.cpp; path = heap.cpp; sourceTree = "<group>"; };
		18715FDA1FCCFF9F008D69BC /* heap.hpp */ = {isa = PBXFileReference; fileEncoding = 4; lastKnownFileType = sourcecode.cpp.h; path = heap.hpp; sourceTree = "<group>"; };
		187FDE82202E8AC0001EE759 /* MinStack.hpp */ = {isa = PBXFileReference; fileEncoding = 4; lastKnownFileType = sourcecode.cpp.h; path = MinStack.hpp; sourceTree = "<group>"; };
		18941B4A1FC8138700E7F3F5 /* TFSort.cpp */ = {isa = PBXFileReference; fileEncoding = 4; lastKnownFileType = sourcecode.cpp.cpp; path = TFSort.cpp; sourceTree = "<group>"; };
		18941B4C1FC8167900E7F3F5 /* TFSort.h */ = {isa = PBXFileReference; lastKnownFileType = sourcecode.c.h; path = TFSort.h; sourceTree = "<group>"; };
/* End PBXFileReference section */

/* Begin PBXFrameworksBuildPhase section */
		184F58D11F43E38500ADC12A /* Frameworks */ = {
			isa = PBXFrameworksBuildPhase;
			buildActionMask = 2147483647;
			files = (
			);
			runOnlyForDeploymentPostprocessing = 0;
		};
/* End PBXFrameworksBuildPhase section */

/* Begin PBXGroup section */
		184F58CB1F43E38500ADC12A = {
			isa = PBXGroup;
			children = (
				184F58D61F43E38500ADC12A /* algorithm */,
				184F58D51F43E38500ADC12A /* Products */,
			);
			sourceTree = "<group>";
		};
		184F58D51F43E38500ADC12A /* Products */ = {
			isa = PBXGroup;
			children = (
				184F58D41F43E38500ADC12A /* algorithm */,
			);
			name = Products;
			sourceTree = "<group>";
		};
		184F58D61F43E38500ADC12A /* algorithm */ = {
			isa = PBXGroup;
			children = (
				18226FD2209ABD71001C461E /* page1.hpp */,
				184F58D71F43E38500ADC12A /* main.cpp */,
				18941B4A1FC8138700E7F3F5 /* TFSort.cpp */,
				18941B4C1FC8167900E7F3F5 /* TFSort.h */,
				18715FD91FCCFF9F008D69BC /* heap.cpp */,
				18715FDA1FCCFF9F008D69BC /* heap.hpp */,
				187FDE82202E8AC0001EE759 /* MinStack.hpp */,
				18461CF4209C146C008FF3CE /* TopK.cpp */,
				18461CF5209C146C008FF3CE /* TopK.hpp */,
			);
			path = algorithm;
			sourceTree = "<group>";
		};
/* End PBXGroup section */

/* Begin PBXNativeTarget section */
		184F58D31F43E38500ADC12A /* algorithm */ = {
			isa = PBXNativeTarget;
			buildConfigurationList = 184F58DB1F43E38500ADC12A /* Build configuration list for PBXNativeTarget "algorithm" */;
			buildPhases = (
				184F58D01F43E38500ADC12A /* Sources */,
				184F58D11F43E38500ADC12A /* Frameworks */,
				184F58D21F43E38500ADC12A /* CopyFiles */,
			);
			buildRules = (
			);
			dependencies = (
			);
			name = algorithm;
			productName = algorithm;
			productReference = 184F58D41F43E38500ADC12A /* algorithm */;
			productType = "com.apple.product-type.tool";
		};
/* End PBXNativeTarget section */

/* Begin PBXProject section */
		184F58CC1F43E38500ADC12A /* Project object */ = {
			isa = PBXProject;
			attributes = {
				LastUpgradeCheck = 0810;
				TargetAttributes = {
					184F58D31F43E38500ADC12A = {
						CreatedOnToolsVersion = 8.1;
						DevelopmentTeam = UML9BQURX9;
						ProvisioningStyle = Automatic;
					};
				};
			};
			buildConfigurationList = 184F58CF1F43E38500ADC12A /* Build configuration list for PBXProject "algorithm" */;
			compatibilityVersion = "Xcode 3.2";
			developmentRegion = English;
			hasScannedForEncodings = 0;
			knownRegions = (
				en,
			);
			mainGroup = 184F58CB1F43E38500ADC12A;
			productRefGroup = 184F58D51F43E38500ADC12A /* Products */;
			projectDirPath = "";
			projectRoot = "";
			targets = (
				184F58D31F43E38500ADC12A /* algorithm */,
			);
		};
/* End PBXProject section */

/* Begin PBXSourcesBuildPhase section */
		184F58D01F43E38500ADC12A /* Sources */ = {
			isa = PBXSourcesBuildPhase;
			buildActionMask = 2147483647;
			files = (
				18941B4B1FC8138700E7F3F5 /* TFSort.cpp in Sources */,
				184F58D81F43E38500ADC12A /* main.cpp in Sources */,
				18715FDB1FCCFF9F008D69BC /* heap.cpp in Sources */,
				18461CF6209C146C008FF3CE /* TopK.cpp in Sources */,
			);
			runOnlyForDeploymentPostprocessing = 0;
		};
/* End PBXSourcesBuildPhase section */

/* Begin XCBuildConfiguration section */
		184F58D91F43E38500ADC12A /* Debug */ = {
			isa = XCBuildConfiguration;
			buildSettings = {
				ALWAYS_SEARCH_USER_PATHS = NO;
				CLANG_ANALYZER_NONNULL = YES;
				CLANG_CXX_LANGUAGE_STANDARD = "gnu++0x";
				CLANG_CXX_LIBRARY = "libc++";
				CLANG_ENABLE_MODULES = YES;
				CLANG_ENABLE_OBJC_ARC = YES;
				CLANG_WARN_BOOL_CONVERSION = YES;
				CLANG_WARN_CONSTANT_CONVERSION = YES;
				CLANG_WARN_DIRECT_OBJC_ISA_USAGE = YES_ERROR;
				CLANG_WARN_DOCUMENTATION_COMMENTS = YES;
				CLANG_WARN_EMPTY_BODY = YES;
				CLANG_WARN_ENUM_CONVERSION = YES;
				CLANG_WARN_INFINITE_RECURSION = YES;
				CLANG_WARN_INT_CONVERSION = YES;
				CLANG_WARN_OBJC_ROOT_CLASS = YES_ERROR;
				CLANG_WARN_SUSPICIOUS_MOVES = YES;
				CLANG_WARN_UNREACHABLE_CODE = YES;
				CLANG_WARN__DUPLICATE_METHOD_MATCH = YES;
				CODE_SIGN_IDENTITY = "-";
				COPY_PHASE_STRIP = NO;
				DEBUG_INFORMATION_FORMAT = dwarf;
				ENABLE_STRICT_OBJC_MSGSEND = YES;
				ENABLE_TESTABILITY = YES;
				GCC_C_LANGUAGE_STANDARD = gnu99;
				GCC_DYNAMIC_NO_PIC = NO;
				GCC_NO_COMMON_BLOCKS = YES;
				GCC_OPTIMIZATION_LEVEL = 0;
				GCC_PREPROCESSOR_DEFINITIONS = (
					"DEBUG=1",
					"$(inherited)",
				);
				GCC_WARN_64_TO_32_BIT_CONVERSION = YES;
				GCC_WARN_ABOUT_RETURN_TYPE = YES_ERROR;
				GCC_WARN_UNDECLARED_SELECTOR = YES;
				GCC_WARN_UNINITIALIZED_AUTOS = YES_AGGRESSIVE;
				GCC_WARN_UNUSED_FUNCTION = YES;
				GCC_WARN_UNUSED_VARIABLE = YES;
				MACOSX_DEPLOYMENT_TARGET = 10.11;
				MTL_ENABLE_DEBUG_INFO = YES;
				ONLY_ACTIVE_ARCH = YES;
				SDKROOT = macosx;
			};
			name = Debug;
		};
		184F58DA1F43E38500ADC12A /* Release */ = {
			isa = XCBuildConfiguration;
			buildSettings = {
				ALWAYS_SEARCH_USER_PATHS = NO;
				CLANG_ANALYZER_NONNULL = YES;
				CLANG_CXX_LANGUAGE_STANDARD = "gnu++0x";
				CLANG_CXX_LIBRARY = "libc++";
				CLANG_ENABLE_MODULES = YES;
				CLANG_ENABLE_OBJC_ARC = YES;
				CLANG_WARN_BOOL_CONVERSION = YES;
				CLANG_WARN_CONSTANT_CONVERSION = YES;
				CLANG_WARN_DIRECT_OBJC_ISA_USAGE = YES_ERROR;
				CLANG_WARN_DOCUMENTATION_COMMENTS = YES;
				CLANG_WARN_EMPTY_BODY = YES;
				CLANG_WARN_ENUM_CONVERSION = YES;
				CLANG_WARN_INFINITE_RECURSION = YES;
				CLANG_WARN_INT_CONVERSION = YES;
				CLANG_WARN_OBJC_ROOT_CLASS = YES_ERROR;
				CLANG_WARN_SUSPICIOUS_MOVES = YES;
				CLANG_WARN_UNREACHABLE_CODE = YES;
				CLANG_WARN__DUPLICATE_METHOD_MATCH = YES;
				CODE_SIGN_IDENTITY = "-";
				COPY_PHASE_STRIP = NO;
				DEBUG_INFORMATION_FORMAT = "dwarf-with-dsym";
				ENABLE_NS_ASSERTIONS = NO;
				ENABLE_STRICT_OBJC_MSGSEND = YES;
				GCC_C_LANGUAGE_STANDARD = gnu99;
				GCC_NO_COMMON_BLOCKS = YES;
				GCC_WARN_64_TO_32_BIT_CONVERSION = YES;
				GCC_WARN_ABOUT_RETURN_TYPE = YES_ERROR;
				GCC_WARN_UNDECLARED_SELECTOR = YES;
				GCC_WARN_UNINITIALIZED_AUTOS = YES_AGGRESSIVE;
				GCC_WARN_UNUSED_FUNCTION = YES;
				GCC_WARN_UNUSED_VARIABLE = YES;
				MACOSX_DEPLOYMENT_TARGET = 10.11;
				MTL_ENABLE_DEBUG_INFO = NO;
				SDKROOT = macosx;
			};
			name = Release;
		};
		184F58DC1F43E38500ADC12A /* Debug */ = {
			isa = XCBuildConfiguration;
			buildSettings = {
				DEVELOPMENT_TEAM = UML9BQURX9;
				PRODUCT_NAME = "$(TARGET_NAME)";
			};
			name = Debug;
		};
		184F58DD1F43E38500ADC12A /* Release */ = {
			isa = XCBuildConfiguration;
			buildSettings = {
				DEVELOPMENT_TEAM = UML9BQURX9;
				PRODUCT_NAME = "$(TARGET_NAME)";
			};
			name = Release;
		};
/* End XCBuildConfiguration section */

/* Begin XCConfigurationList section */
		184F58CF1F43E38500ADC12A /* Build configuration list for PBXProject "algorithm" */ = {
			isa = XCConfigurationList;
			buildConfigurations = (
				184F58D91F43E38500ADC12A /* Debug */,
				184F58DA1F43E38500ADC12A /* Release */,
			);
			defaultConfigurationIsVisible = 0;
			defaultConfigurationName = Release;
		};
		184F58DB1F43E38500ADC12A /* Build configuration list for PBXNativeTarget "algorithm" */ = {
			isa = XCConfigurationList;
			buildConfigurations = (
				184F58DC1F43E38500ADC12A /* Debug */,
				184F58DD1F43E38500ADC12A /* Release */,
			);
			defaultConfigurationIsVisible = 0;
			defaultConfigurationName = Release;
		};
/* End XCConfigurationList section */
	};
	rootObject = 184F58CC1F43E38500ADC12A /* Project object */;
}
